
Microsoft Visual Studio Solution File, Format Version 12.00
# Visual Studio Version 16
VisualStudioVersion = 16.0.30413.136
MinimumVisualStudioVersion = 10.0.40219.1
Project("{2150E333-8FDC-42A3-9474-1A3956D46DE8}") = "Solucition", "Solucition", "{142ADD45-4071-46B9-A1C5-AABB0DCB8751}"
EndProject
Project("{8BC9CEB8-8B4A-11D0-8D11-00A0C91BC942}") = "Begin_3", "..\Begin_3\Begin_3.vcxproj", "{2F336D2B-3995-4750-B059-88DA79E106FB}"
EndProject
Project("{8BC9CEB8-8B4A-11D0-8D11-00A0C91BC942}") = "Begin_4", "..\Begin_4\Begin_4.vcxproj", "{624EF321-1A2B-463D-8B72-F0CF34DA4C8E}"
EndProject
Project("{8BC9CEB8-8B4A-11D0-8D11-00A0C91BC942}") = "Begin_2", "Begin_2\Begin_2.vcxproj", "{70ADCCE8-64C1-4804-B0AA-374317F3572B}"
EndProject
Project("{8BC9CEB8-8B4A-11D0-8D11-00A0C91BC942}") = "Begin_5", "Begin_5\Begin_5.vcxproj", "{98D03628-D510-43E9-9FC1-2C1C96FBD0BE}"
EndProject
Project("{8BC9CEB8-8B4A-11D0-8D11-00A0C91BC942}") = "Begin_7", "Begin_7\Begin_7.vcxproj", "{B937C60E-FF1E-4CC8-BCFA-375A62E2BFFA}"
EndProject
Project("{8BC9CEB8-8B4A-11D0-8D11-00A0C91BC942}") = "Begin_9", "Begin_9\Begin_9.vcxproj", "{988AD3C3-CFE6-4963-850C-E8722EBD6F9E}"
EndProject
Project("{8BC9CEB8-8B4A-11D0-8D11-00A0C91BC942}") = "Begin_10", "Begin_10\Begin_10.vcxproj", "{DBC3E893-79AA-422F-8474-F7F52CD9A8DF}"
EndProject
Project("{8BC9CEB8-8B4A-11D0-8D11-00A0C91BC942}") = "Begin__11", "Begin__11\Begin__11.vcxproj", "{25FD9FE3-EFEE-4FCC-9541-2C1375D57A65}"
EndProject
Project("{8BC9CEB8-8B4A-11D0-8D11-00A0C91BC942}") = "Begin_13", "Begin_12\Begin_12.vcxproj", "{F84FFCC5-9B78-40A3-9ADA-B7F3A286ADF6}"
EndProject
Project("{8BC9CEB8-8B4A-11D0-8D11-00A0C91BC942}") = "Begin_15", "Begin_15\Begin_15.vcxproj", "{E6B3A000-2AA4-41AF-A0C2-8BCC626C9CAF}"
EndProject
Project("{8BC9CEB8-8B4A-11D0-8D11-00A0C91BC942}") = "Begin_17", "Begin_17\Begin_17.vcxproj", "{B73FD6C5-25D4-4AE5-8F04-B449533EC0D0}"
EndProject
Project("{8BC9CEB8-8B4A-11D0-8D11-00A0C91BC942}") = "Begin_18", "Begin_18\Begin_18.vcxproj", "{02600F56-0C4A-4E12-8293-ED17438FBEDB}"
EndProject
Project("{8BC9CEB8-8B4A-11D0-8D11-00A0C91BC942}") = "Begin_19", "Begin_19\Begin_19.vcxproj", "{9B866B39-7972-46EA-AA2E-39C20D318176}"
EndProject
Project("{8BC9CEB8-8B4A-11D0-8D11-00A0C91BC942}") = "Begin_20", "Begin_20\Begin_20.vcxproj", "{371090F9-2FD9-4F8E-AB3E-999612DB12D9}"
EndProject
Project("{8BC9CEB8-8B4A-11D0-8D11-00A0C91BC942}") = "Begin_23", "Begin_23\Begin_23.vcxproj", "{62799BEB-EE26-4FA2-ABA3-DD248AE478F5}"
EndProject
Project("{8BC9CEB8-8B4A-11D0-8D11-00A0C91BC942}") = "Begin_22", "Begin_22\Begin_22.vcxproj", "{FA328E21-3F6E-492E-92A2-3E6C96F97223}"
EndProject
Project("{8BC9CEB8-8B4A-11D0-8D11-00A0C91BC942}") = "+Поменять 4 числа местами", "+Поменять 4 числа местами\+Поменять 4 числа местами.vcxproj", "{A28ED7E6-85C3-40E5-986A-B72B45F9C8D5}"
EndProject
Project("{8BC9CEB8-8B4A-11D0-8D11-00A0C91BC942}") = "Begin_26", "Begin_26\Begin_26.vcxproj", "{C2846BBC-3C30-4F81-A741-3E2AFB6C1681}"
EndProject
Project("{8BC9CEB8-8B4A-11D0-8D11-00A0C91BC942}") = "Begin_28", "Begin_28\Begin_28.vcxproj", "{AFE0331F-0D2B-475B-99A2-C714FC62D879}"
EndProject
Project("{8BC9CEB8-8B4A-11D0-8D11-00A0C91BC942}") = "Begin_30", "Begin_30\Begin_30.vcxproj", "{FA6FC6D0-07AC-4401-BFAA-0F27F4F4E64E}"
EndProject
Project("{8BC9CEB8-8B4A-11D0-8D11-00A0C91BC942}") = "Begin_32", "Begin_32\Begin_32.vcxproj", "{62CC7DE1-F8D5-4E4E-9D55-A392049F8109}"
EndProject
Project("{8BC9CEB8-8B4A-11D0-8D11-00A0C91BC942}") = "Begin_34", "Begin_34\Begin_34.vcxproj", "{770E1AE2-83D4-483A-9EDB-293EDCA8A535}"
EndProject
Project("{8BC9CEB8-8B4A-11D0-8D11-00A0C91BC942}") = "Begin_36", "Begin_36\Begin_36.vcxproj", "{EE0A7A53-93DE-499A-A06B-88C371BAF96E}"
EndProject
Project("{8BC9CEB8-8B4A-11D0-8D11-00A0C91BC942}") = "Begin_39", "Begin_39\Begin_39.vcxproj", "{5DCF1B5D-F0B7-4B25-B9EE-2D44A242A192}"
EndProject
Global
	GlobalSection(SolutionConfigurationPlatforms) = preSolution
		Debug|x64 = Debug|x64
		Debug|x86 = Debug|x86
		Release|x64 = Release|x64
		Release|x86 = Release|x86
	EndGlobalSection
	GlobalSection(ProjectConfigurationPlatforms) = postSolution
		{2F336D2B-3995-4750-B059-88DA79E106FB}.Debug|x64.ActiveCfg = Debug|x64
		{2F336D2B-3995-4750-B059-88DA79E106FB}.Debug|x64.Build.0 = Debug|x64
		{2F336D2B-3995-4750-B059-88DA79E106FB}.Debug|x86.ActiveCfg = Debug|Win32
		{2F336D2B-3995-4750-B059-88DA79E106FB}.Debug|x86.Build.0 = Debug|Win32
		{2F336D2B-3995-4750-B059-88DA79E106FB}.Release|x64.ActiveCfg = Release|x64
		{2F336D2B-3995-4750-B059-88DA79E106FB}.Release|x64.Build.0 = Release|x64
		{2F336D2B-3995-4750-B059-88DA79E106FB}.Release|x86.ActiveCfg = Release|Win32
		{2F336D2B-3995-4750-B059-88DA79E106FB}.Release|x86.Build.0 = Release|Win32
		{624EF321-1A2B-463D-8B72-F0CF34DA4C8E}.Debug|x64.ActiveCfg = Debug|x64
		{624EF321-1A2B-463D-8B72-F0CF34DA4C8E}.Debug|x64.Build.0 = Debug|x64
		{624EF321-1A2B-463D-8B72-F0CF34DA4C8E}.Debug|x86.ActiveCfg = Debug|Win32
		{624EF321-1A2B-463D-8B72-F0CF34DA4C8E}.Debug|x86.Build.0 = Debug|Win32
		{624EF321-1A2B-463D-8B72-F0CF34DA4C8E}.Release|x64.ActiveCfg = Release|x64
		{624EF321-1A2B-463D-8B72-F0CF34DA4C8E}.Release|x64.Build.0 = Release|x64
		{624EF321-1A2B-463D-8B72-F0CF34DA4C8E}.Release|x86.ActiveCfg = Release|Win32
		{624EF321-1A2B-463D-8B72-F0CF34DA4C8E}.Release|x86.Build.0 = Release|Win32
		{70ADCCE8-64C1-4804-B0AA-374317F3572B}.Debug|x64.ActiveCfg = Debug|x64
		{70ADCCE8-64C1-4804-B0AA-374317F3572B}.Debug|x64.Build.0 = Debug|x64
		{70ADCCE8-64C1-4804-B0AA-374317F3572B}.Debug|x86.ActiveCfg = Debug|Win32
		{70ADCCE8-64C1-4804-B0AA-374317F3572B}.Debug|x86.Build.0 = Debug|Win32
		{70ADCCE8-64C1-4804-B0AA-374317F3572B}.Release|x64.ActiveCfg = Release|x64
		{70ADCCE8-64C1-4804-B0AA-374317F3572B}.Release|x64.Build.0 = Release|x64
		{70ADCCE8-64C1-4804-B0AA-374317F3572B}.Release|x86.ActiveCfg = Release|Win32
		{70ADCCE8-64C1-4804-B0AA-374317F3572B}.Release|x86.Build.0 = Release|Win32
		{98D03628-D510-43E9-9FC1-2C1C96FBD0BE}.Debug|x64.ActiveCfg = Debug|x64
		{98D03628-D510-43E9-9FC1-2C1C96FBD0BE}.Debug|x64.Build.0 = Debug|x64
		{98D03628-D510-43E9-9FC1-2C1C96FBD0BE}.Debug|x86.ActiveCfg = Debug|Win32
		{98D03628-D510-43E9-9FC1-2C1C96FBD0BE}.Debug|x86.Build.0 = Debug|Win32
		{98D03628-D510-43E9-9FC1-2C1C96FBD0BE}.Release|x64.ActiveCfg = Release|x64
		{98D03628-D510-43E9-9FC1-2C1C96FBD0BE}.Release|x64.Build.0 = Release|x64
		{98D03628-D510-43E9-9FC1-2C1C96FBD0BE}.Release|x86.ActiveCfg = Release|Win32
		{98D03628-D510-43E9-9FC1-2C1C96FBD0BE}.Release|x86.Build.0 = Release|Win32
		{B937C60E-FF1E-4CC8-BCFA-375A62E2BFFA}.Debug|x64.ActiveCfg = Debug|x64
		{B937C60E-FF1E-4CC8-BCFA-375A62E2BFFA}.Debug|x64.Build.0 = Debug|x64
		{B937C60E-FF1E-4CC8-BCFA-375A62E2BFFA}.Debug|x86.ActiveCfg = Debug|Win32
		{B937C60E-FF1E-4CC8-BCFA-375A62E2BFFA}.Debug|x86.Build.0 = Debug|Win32
		{B937C60E-FF1E-4CC8-BCFA-375A62E2BFFA}.Release|x64.ActiveCfg = Release|x64
		{B937C60E-FF1E-4CC8-BCFA-375A62E2BFFA}.Release|x64.Build.0 = Release|x64
		{B937C60E-FF1E-4CC8-BCFA-375A62E2BFFA}.Release|x86.ActiveCfg = Release|Win32
		{B937C60E-FF1E-4CC8-BCFA-375A62E2BFFA}.Release|x86.Build.0 = Release|Win32
		{988AD3C3-CFE6-4963-850C-E8722EBD6F9E}.Debug|x64.ActiveCfg = Debug|x64
		{988AD3C3-CFE6-4963-850C-E8722EBD6F9E}.Debug|x64.Build.0 = Debug|x64
		{988AD3C3-CFE6-4963-850C-E8722EBD6F9E}.Debug|x86.ActiveCfg = Debug|Win32
		{988AD3C3-CFE6-4963-850C-E8722EBD6F9E}.Debug|x86.Build.0 = Debug|Win32
		{988AD3C3-CFE6-4963-850C-E8722EBD6F9E}.Release|x64.ActiveCfg = Release|x64
		{988AD3C3-CFE6-4963-850C-E8722EBD6F9E}.Release|x64.Build.0 = Release|x64
		{988AD3C3-CFE6-4963-850C-E8722EBD6F9E}.Release|x86.ActiveCfg = Release|Win32
		{988AD3C3-CFE6-4963-850C-E8722EBD6F9E}.Release|x86.Build.0 = Release|Win32
		{DBC3E893-79AA-422F-8474-F7F52CD9A8DF}.Debug|x64.ActiveCfg = Debug|x64
		{DBC3E893-79AA-422F-8474-F7F52CD9A8DF}.Debug|x64.Build.0 = Debug|x64
		{DBC3E893-79AA-422F-8474-F7F52CD9A8DF}.Debug|x86.ActiveCfg = Debug|Win32
		{DBC3E893-79AA-422F-8474-F7F52CD9A8DF}.Debug|x86.Build.0 = Debug|Win32
		{DBC3E893-79AA-422F-8474-F7F52CD9A8DF}.Release|x64.ActiveCfg = Release|x64
		{DBC3E893-79AA-422F-8474-F7F52CD9A8DF}.Release|x64.Build.0 = Release|x64
		{DBC3E893-79AA-422F-8474-F7F52CD9A8DF}.Release|x86.ActiveCfg = Release|Win32
		{DBC3E893-79AA-422F-8474-F7F52CD9A8DF}.Release|x86.Build.0 = Release|Win32
		{25FD9FE3-EFEE-4FCC-9541-2C1375D57A65}.Debug|x64.ActiveCfg = Debug|x64
		{25FD9FE3-EFEE-4FCC-9541-2C1375D57A65}.Debug|x64.Build.0 = Debug|x64
		{25FD9FE3-EFEE-4FCC-9541-2C1375D57A65}.Debug|x86.ActiveCfg = Debug|Win32
		{25FD9FE3-EFEE-4FCC-9541-2C1375D57A65}.Debug|x86.Build.0 = Debug|Win32
		{25FD9FE3-EFEE-4FCC-9541-2C1375D57A65}.Release|x64.ActiveCfg = Release|x64
		{25FD9FE3-EFEE-4FCC-9541-2C1375D57A65}.Release|x64.Build.0 = Release|x64
		{25FD9FE3-EFEE-4FCC-9541-2C1375D57A65}.Release|x86.ActiveCfg = Release|Win32
		{25FD9FE3-EFEE-4FCC-9541-2C1375D57A65}.Release|x86.Build.0 = Release|Win32
		{F84FFCC5-9B78-40A3-9ADA-B7F3A286ADF6}.Debug|x64.ActiveCfg = Debug|x64
		{F84FFCC5-9B78-40A3-9ADA-B7F3A286ADF6}.Debug|x64.Build.0 = Debug|x64
		{F84FFCC5-9B78-40A3-9ADA-B7F3A286ADF6}.Debug|x86.ActiveCfg = Debug|Win32
		{F84FFCC5-9B78-40A3-9ADA-B7F3A286ADF6}.Debug|x86.Build.0 = Debug|Win32
		{F84FFCC5-9B78-40A3-9ADA-B7F3A286ADF6}.Release|x64.ActiveCfg = Release|x64
		{F84FFCC5-9B78-40A3-9ADA-B7F3A286ADF6}.Release|x64.Build.0 = Release|x64
		{F84FFCC5-9B78-40A3-9ADA-B7F3A286ADF6}.Release|x86.ActiveCfg = Release|Win32
		{F84FFCC5-9B78-40A3-9ADA-B7F3A286ADF6}.Release|x86.Build.0 = Release|Win32
		{E6B3A000-2AA4-41AF-A0C2-8BCC626C9CAF}.Debug|x64.ActiveCfg = Debug|x64
		{E6B3A000-2AA4-41AF-A0C2-8BCC626C9CAF}.Debug|x64.Build.0 = Debug|x64
		{E6B3A000-2AA4-41AF-A0C2-8BCC626C9CAF}.Debug|x86.ActiveCfg = Debug|Win32
		{E6B3A000-2AA4-41AF-A0C2-8BCC626C9CAF}.Debug|x86.Build.0 = Debug|Win32
		{E6B3A000-2AA4-41AF-A0C2-8BCC626C9CAF}.Release|x64.ActiveCfg = Release|x64
		{E6B3A000-2AA4-41AF-A0C2-8BCC626C9CAF}.Release|x64.Build.0 = Release|x64
		{E6B3A000-2AA4-41AF-A0C2-8BCC626C9CAF}.Release|x86.ActiveCfg = Release|Win32
		{E6B3A000-2AA4-41AF-A0C2-8BCC626C9CAF}.Release|x86.Build.0 = Release|Win32
		{B73FD6C5-25D4-4AE5-8F04-B449533EC0D0}.Debug|x64.ActiveCfg = Debug|x64
		{B73FD6C5-25D4-4AE5-8F04-B449533EC0D0}.Debug|x64.Build.0 = Debug|x64
		{B73FD6C5-25D4-4AE5-8F04-B449533EC0D0}.Debug|x86.ActiveCfg = Debug|Win32
		{B73FD6C5-25D4-4AE5-8F04-B449533EC0D0}.Debug|x86.Build.0 = Debug|Win32
		{B73FD6C5-25D4-4AE5-8F04-B449533EC0D0}.Release|x64.ActiveCfg = Release|x64
		{B73FD6C5-25D4-4AE5-8F04-B449533EC0D0}.Release|x64.Build.0 = Release|x64
		{B73FD6C5-25D4-4AE5-8F04-B449533EC0D0}.Release|x86.ActiveCfg = Release|Win32
		{B73FD6C5-25D4-4AE5-8F04-B449533EC0D0}.Release|x86.Build.0 = Release|Win32
		{02600F56-0C4A-4E12-8293-ED17438FBEDB}.Debug|x64.ActiveCfg = Debug|x64
		{02600F56-0C4A-4E12-8293-ED17438FBEDB}.Debug|x64.Build.0 = Debug|x64
		{02600F56-0C4A-4E12-8293-ED17438FBEDB}.Debug|x86.ActiveCfg = Debug|Win32
		{02600F56-0C4A-4E12-8293-ED17438FBEDB}.Debug|x86.Build.0 = Debug|Win32
		{02600F56-0C4A-4E12-8293-ED17438FBEDB}.Release|x64.ActiveCfg = Release|x64
		{02600F56-0C4A-4E12-8293-ED17438FBEDB}.Release|x64.Build.0 = Release|x64
		{02600F56-0C4A-4E12-8293-ED17438FBEDB}.Release|x86.ActiveCfg = Release|Win32
		{02600F56-0C4A-4E12-8293-ED17438FBEDB}.Release|x86.Build.0 = Release|Win32
		{9B866B39-7972-46EA-AA2E-39C20D318176}.Debug|x64.ActiveCfg = Debug|x64
		{9B866B39-7972-46EA-AA2E-39C20D318176}.Debug|x64.Build.0 = Debug|x64
		{9B866B39-7972-46EA-AA2E-39C20D318176}.Debug|x86.ActiveCfg = Debug|Win32
		{9B866B39-7972-46EA-AA2E-39C20D318176}.Debug|x86.Build.0 = Debug|Win32
		{9B866B39-7972-46EA-AA2E-39C20D318176}.Release|x64.ActiveCfg = Release|x64
		{9B866B39-7972-46EA-AA2E-39C20D318176}.Release|x64.Build.0 = Release|x64
		{9B866B39-7972-46EA-AA2E-39C20D318176}.Release|x86.ActiveCfg = Release|Win32
		{9B866B39-7972-46EA-AA2E-39C20D318176}.Release|x86.Build.0 = Release|Win32
		{371090F9-2FD9-4F8E-AB3E-999612DB12D9}.Debug|x64.ActiveCfg = Debug|x64
		{371090F9-2FD9-4F8E-AB3E-999612DB12D9}.Debug|x64.Build.0 = Debug|x64
		{371090F9-2FD9-4F8E-AB3E-999612DB12D9}.Debug|x86.ActiveCfg = Debug|Win32
		{371090F9-2FD9-4F8E-AB3E-999612DB12D9}.Debug|x86.Build.0 = Debug|Win32
		{371090F9-2FD9-4F8E-AB3E-999612DB12D9}.Release|x64.ActiveCfg = Release|x64
		{371090F9-2FD9-4F8E-AB3E-999612DB12D9}.Release|x64.Build.0 = Release|x64
		{371090F9-2FD9-4F8E-AB3E-999612DB12D9}.Release|x86.ActiveCfg = Release|Win32
		{371090F9-2FD9-4F8E-AB3E-999612DB12D9}.Release|x86.Build.0 = Release|Win32
		{62799BEB-EE26-4FA2-ABA3-DD248AE478F5}.Debug|x64.ActiveCfg = Debug|x64
		{62799BEB-EE26-4FA2-ABA3-DD248AE478F5}.Debug|x64.Build.0 = Debug|x64
		{62799BEB-EE26-4FA2-ABA3-DD248AE478F5}.Debug|x86.ActiveCfg = Debug|Win32
		{62799BEB-EE26-4FA2-ABA3-DD248AE478F5}.Debug|x86.Build.0 = Debug|Win32
		{62799BEB-EE26-4FA2-ABA3-DD248AE478F5}.Release|x64.ActiveCfg = Release|x64
		{62799BEB-EE26-4FA2-ABA3-DD248AE478F5}.Release|x64.Build.0 = Release|x64
		{62799BEB-EE26-4FA2-ABA3-DD248AE478F5}.Release|x86.ActiveCfg = Release|Win32
		{62799BEB-EE26-4FA2-ABA3-DD248AE478F5}.Release|x86.Build.0 = Release|Win32
		{FA328E21-3F6E-492E-92A2-3E6C96F97223}.Debug|x64.ActiveCfg = Debug|x64
		{FA328E21-3F6E-492E-92A2-3E6C96F97223}.Debug|x64.Build.0 = Debug|x64
		{FA328E21-3F6E-492E-92A2-3E6C96F97223}.Debug|x86.ActiveCfg = Debug|Win32
		{FA328E21-3F6E-492E-92A2-3E6C96F97223}.Debug|x86.Build.0 = Debug|Win32
		{FA328E21-3F6E-492E-92A2-3E6C96F97223}.Release|x64.ActiveCfg = Release|x64
		{FA328E21-3F6E-492E-92A2-3E6C96F97223}.Release|x64.Build.0 = Release|x64
		{FA328E21-3F6E-492E-92A2-3E6C96F97223}.Release|x86.ActiveCfg = Release|Win32
		{FA328E21-3F6E-492E-92A2-3E6C96F97223}.Release|x86.Build.0 = Release|Win32
		{A28ED7E6-85C3-40E5-986A-B72B45F9C8D5}.Debug|x64.ActiveCfg = Debug|x64
		{A28ED7E6-85C3-40E5-986A-B72B45F9C8D5}.Debug|x64.Build.0 = Debug|x64
		{A28ED7E6-85C3-40E5-986A-B72B45F9C8D5}.Debug|x86.ActiveCfg = Debug|Win32
		{A28ED7E6-85C3-40E5-986A-B72B45F9C8D5}.Debug|x86.Build.0 = Debug|Win32
		{A28ED7E6-85C3-40E5-986A-B72B45F9C8D5}.Release|x64.ActiveCfg = Release|x64
		{A28ED7E6-85C3-40E5-986A-B72B45F9C8D5}.Release|x64.Build.0 = Release|x64
		{A28ED7E6-85C3-40E5-986A-B72B45F9C8D5}.Release|x86.ActiveCfg = Release|Win32
		{A28ED7E6-85C3-40E5-986A-B72B45F9C8D5}.Release|x86.Build.0 = Release|Win32
		{C2846BBC-3C30-4F81-A741-3E2AFB6C1681}.Debug|x64.ActiveCfg = Debug|x64
		{C2846BBC-3C30-4F81-A741-3E2AFB6C1681}.Debug|x64.Build.0 = Debug|x64
		{C2846BBC-3C30-4F81-A741-3E2AFB6C1681}.Debug|x86.ActiveCfg = Debug|Win32
		{C2846BBC-3C30-4F81-A741-3E2AFB6C1681}.Debug|x86.Build.0 = Debug|Win32
		{C2846BBC-3C30-4F81-A741-3E2AFB6C1681}.Release|x64.ActiveCfg = Release|x64
		{C2846BBC-3C30-4F81-A741-3E2AFB6C1681}.Release|x64.Build.0 = Release|x64
		{C2846BBC-3C30-4F81-A741-3E2AFB6C1681}.Release|x86.ActiveCfg = Release|Win32
		{C2846BBC-3C30-4F81-A741-3E2AFB6C1681}.Release|x86.Build.0 = Release|Win32
		{AFE0331F-0D2B-475B-99A2-C714FC62D879}.Debug|x64.ActiveCfg = Debug|x64
		{AFE0331F-0D2B-475B-99A2-C714FC62D879}.Debug|x64.Build.0 = Debug|x64
		{AFE0331F-0D2B-475B-99A2-C714FC62D879}.Debug|x86.ActiveCfg = Debug|Win32
		{AFE0331F-0D2B-475B-99A2-C714FC62D879}.Debug|x86.Build.0 = Debug|Win32
		{AFE0331F-0D2B-475B-99A2-C714FC62D879}.Release|x64.ActiveCfg = Release|x64
		{AFE0331F-0D2B-475B-99A2-C714FC62D879}.Release|x64.Build.0 = Release|x64
		{AFE0331F-0D2B-475B-99A2-C714FC62D879}.Release|x86.ActiveCfg = Release|Win32
		{AFE0331F-0D2B-475B-99A2-C714FC62D879}.Release|x86.Build.0 = Release|Win32
		{FA6FC6D0-07AC-4401-BFAA-0F27F4F4E64E}.Debug|x64.ActiveCfg = Debug|x64
		{FA6FC6D0-07AC-4401-BFAA-0F27F4F4E64E}.Debug|x64.Build.0 = Debug|x64
		{FA6FC6D0-07AC-4401-BFAA-0F27F4F4E64E}.Debug|x86.ActiveCfg = Debug|Win32
		{FA6FC6D0-07AC-4401-BFAA-0F27F4F4E64E}.Debug|x86.Build.0 = Debug|Win32
		{FA6FC6D0-07AC-4401-BFAA-0F27F4F4E64E}.Release|x64.ActiveCfg = Release|x64
		{FA6FC6D0-07AC-4401-BFAA-0F27F4F4E64E}.Release|x64.Build.0 = Release|x64
		{FA6FC6D0-07AC-4401-BFAA-0F27F4F4E64E}.Release|x86.ActiveCfg = Release|Win32
		{FA6FC6D0-07AC-4401-BFAA-0F27F4F4E64E}.Release|x86.Build.0 = Release|Win32
		{62CC7DE1-F8D5-4E4E-9D55-A392049F8109}.Debug|x64.ActiveCfg = Debug|x64
		{62CC7DE1-F8D5-4E4E-9D55-A392049F8109}.Debug|x64.Build.0 = Debug|x64
		{62CC7DE1-F8D5-4E4E-9D55-A392049F8109}.Debug|x86.ActiveCfg = Debug|Win32
		{62CC7DE1-F8D5-4E4E-9D55-A392049F8109}.Debug|x86.Build.0 = Debug|Win32
		{62CC7DE1-F8D5-4E4E-9D55-A392049F8109}.Release|x64.ActiveCfg = Release|x64
		{62CC7DE1-F8D5-4E4E-9D55-A392049F8109}.Release|x64.Build.0 = Release|x64
		{62CC7DE1-F8D5-4E4E-9D55-A392049F8109}.Release|x86.ActiveCfg = Release|Win32
		{62CC7DE1-F8D5-4E4E-9D55-A392049F8109}.Release|x86.Build.0 = Release|Win32
		{770E1AE2-83D4-483A-9EDB-293EDCA8A535}.Debug|x64.ActiveCfg = Debug|x64
		{770E1AE2-83D4-483A-9EDB-293EDCA8A535}.Debug|x64.Build.0 = Debug|x64
		{770E1AE2-83D4-483A-9EDB-293EDCA8A535}.Debug|x86.ActiveCfg = Debug|Win32
		{770E1AE2-83D4-483A-9EDB-293EDCA8A535}.Debug|x86.Build.0 = Debug|Win32
		{770E1AE2-83D4-483A-9EDB-293EDCA8A535}.Release|x64.ActiveCfg = Release|x64
		{770E1AE2-83D4-483A-9EDB-293EDCA8A535}.Release|x64.Build.0 = Release|x64
		{770E1AE2-83D4-483A-9EDB-293EDCA8A535}.Release|x86.ActiveCfg = Release|Win32
		{770E1AE2-83D4-483A-9EDB-293EDCA8A535}.Release|x86.Build.0 = Release|Win32
		{EE0A7A53-93DE-499A-A06B-88C371BAF96E}.Debug|x64.ActiveCfg = Debug|x64
		{EE0A7A53-93DE-499A-A06B-88C371BAF96E}.Debug|x64.Build.0 = Debug|x64
		{EE0A7A53-93DE-499A-A06B-88C371BAF96E}.Debug|x86.ActiveCfg = Debug|Win32
		{EE0A7A53-93DE-499A-A06B-88C371BAF96E}.Debug|x86.Build.0 = Debug|Win32
		{EE0A7A53-93DE-499A-A06B-88C371BAF96E}.Release|x64.ActiveCfg = Release|x64
		{EE0A7A53-93DE-499A-A06B-88C371BAF96E}.Release|x64.Build.0 = Release|x64
		{EE0A7A53-93DE-499A-A06B-88C371BAF96E}.Release|x86.ActiveCfg = Release|Win32
		{EE0A7A53-93DE-499A-A06B-88C371BAF96E}.Release|x86.Build.0 = Release|Win32
		{5DCF1B5D-F0B7-4B25-B9EE-2D44A242A192}.Debug|x64.ActiveCfg = Debug|x64
		{5DCF1B5D-F0B7-4B25-B9EE-2D44A242A192}.Debug|x64.Build.0 = Debug|x64
		{5DCF1B5D-F0B7-4B25-B9EE-2D44A242A192}.Debug|x86.ActiveCfg = Debug|Win32
		{5DCF1B5D-F0B7-4B25-B9EE-2D44A242A192}.Debug|x86.Build.0 = Debug|Win32
		{5DCF1B5D-F0B7-4B25-B9EE-2D44A242A192}.Release|x64.ActiveCfg = Release|x64
		{5DCF1B5D-F0B7-4B25-B9EE-2D44A242A192}.Release|x64.Build.0 = Release|x64
		{5DCF1B5D-F0B7-4B25-B9EE-2D44A242A192}.Release|x86.ActiveCfg = Release|Win32
		{5DCF1B5D-F0B7-4B25-B9EE-2D44A242A192}.Release|x86.Build.0 = Release|Win32
	EndGlobalSection
	GlobalSection(SolutionProperties) = preSolution
		HideSolutionNode = FALSE
	EndGlobalSection
	GlobalSection(NestedProjects) = preSolution
		{2F336D2B-3995-4750-B059-88DA79E106FB} = {142ADD45-4071-46B9-A1C5-AABB0DCB8751}
		{624EF321-1A2B-463D-8B72-F0CF34DA4C8E} = {142ADD45-4071-46B9-A1C5-AABB0DCB8751}
		{70ADCCE8-64C1-4804-B0AA-374317F3572B} = {142ADD45-4071-46B9-A1C5-AABB0DCB8751}
		{F84FFCC5-9B78-40A3-9ADA-B7F3A286ADF6} = {142ADD45-4071-46B9-A1C5-AABB0DCB8751}
	EndGlobalSection
	GlobalSection(ExtensibilityGlobals) = postSolution
		SolutionGuid = {5ED6F635-FB91-45F4-BB4A-BF0FAE526289}
	EndGlobalSection
EndGlobal
